# THIS IS AN AUTOGENERATED FILE. DO NOT EDIT THIS FILE DIRECTLY.
# yarn lockfile v1


"@vant/weapp@^1.6.2":
  version "1.6.2"
  resolved "https://registry.npm.taobao.org/@vant/weapp/download/@vant/weapp-1.6.2.tgz#51a552ae597648b6955ed7360a537c126d9b83c3"
  integrity sha1-UaVSrll2SLaVXtc2ClN8Em2bg8M=
